
Microsoft Visual Studio Solution File, Format Version 12.00
# Visual Studio Version 17
VisualStudioVersion = 17.4.33213.308
MinimumVisualStudioVersion = 10.0.40219.1
Project("{FAE04EC0-301F-11D3-BF4B-00C04F79EFBC}") = "TechnicalTask", "TechnicalTask\TechnicalTask.csproj", "{546646D6-1AAB-4CD0-AAB5-B2BA78460B4D}"
EndProject
Project("{FAE04EC0-301F-11D3-BF4B-00C04F79EFBC}") = "Task2", "Task2\Task2.csproj", "{EF54D710-787A-4C7D-93BB-0FDB40B8122F}"
EndProject
Project("{FAE04EC0-301F-11D3-BF4B-00C04F79EFBC}") = "Task3", "Task3\Task3.csproj", "{D45614FB-A732-41EB-A839-7D13E3347EA2}"
EndProject
Global
	GlobalSection(SolutionConfigurationPlatforms) = preSolution
		Debug|Any CPU = Debug|Any CPU
		Release|Any CPU = Release|Any CPU
	EndGlobalSection
	GlobalSection(ProjectConfigurationPlatforms) = postSolution
		{546646D6-1AAB-4CD0-AAB5-B2BA78460B4D}.Debug|Any CPU.ActiveCfg = Debug|Any CPU
		{546646D6-1AAB-4CD0-AAB5-B2BA78460B4D}.Debug|Any CPU.Build.0 = Debug|Any CPU
		{546646D6-1AAB-4CD0-AAB5-B2BA78460B4D}.Release|Any CPU.ActiveCfg = Release|Any CPU
		{546646D6-1AAB-4CD0-AAB5-B2BA78460B4D}.Release|Any CPU.Build.0 = Release|Any CPU
		{EF54D710-787A-4C7D-93BB-0FDB40B8122F}.Debug|Any CPU.ActiveCfg = Debug|Any CPU
		{EF54D710-787A-4C7D-93BB-0FDB40B8122F}.Debug|Any CPU.Build.0 = Debug|Any CPU
		{EF54D710-787A-4C7D-93BB-0FDB40B8122F}.Release|Any CPU.ActiveCfg = Release|Any CPU
		{EF54D710-787A-4C7D-93BB-0FDB40B8122F}.Release|Any CPU.Build.0 = Release|Any CPU
		{D45614FB-A732-41EB-A839-7D13E3347EA2}.Debug|Any CPU.ActiveCfg = Debug|Any CPU
		{D45614FB-A732-41EB-A839-7D13E3347EA2}.Debug|Any CPU.Build.0 = Debug|Any CPU
		{D45614FB-A732-41EB-A839-7D13E3347EA2}.Release|Any CPU.ActiveCfg = Release|Any CPU
		{D45614FB-A732-41EB-A839-7D13E3347EA2}.Release|Any CPU.Build.0 = Release|Any CPU
	EndGlobalSection
	GlobalSection(SolutionProperties) = preSolution
		HideSolutionNode = FALSE
	EndGlobalSection
	GlobalSection(ExtensibilityGlobals) = postSolution
		SolutionGuid = {33623A3A-93FA-4B0F-9A30-79C70F60F454}
	EndGlobalSection
EndGlobal
